
Microsoft Visual Studio Solution File, Format Version 12.00
# Visual Studio 15
VisualStudioVersion = 15.0.27703.2026
MinimumVisualStudioVersion = 10.0.40219.1
Project("{FAE04EC0-301F-11D3-BF4B-00C04F79EFBC}") = "FloatingAppExample", "FloatingAppExample\FloatingAppExample.csproj", "{002A081A-9D4C-4A30-94ED-A253ADAA0E38}"
EndProject
Global
	GlobalSection(SolutionConfigurationPlatforms) = preSolution
		Debug|Any CPU = Debug|Any CPU
		Debug|x64 = Debug|x64
		Debug|x86 = Debug|x86
		Release|Any CPU = Release|Any CPU
		Release|x64 = Release|x64
		Release|x86 = Release|x86
	EndGlobalSection
	GlobalSection(ProjectConfigurationPlatforms) = postSolution
		{002A081A-9D4C-4A30-94ED-A253ADAA0E38}.Debug|Any CPU.ActiveCfg = Debug|Any CPU
		{002A081A-9D4C-4A30-94ED-A253ADAA0E38}.Debug|Any CPU.Build.0 = Debug|Any CPU
		{002A081A-9D4C-4A30-94ED-A253ADAA0E38}.Debug|x64.ActiveCfg = Debug|x64
		{002A081A-9D4C-4A30-94ED-A253ADAA0E38}.Debug|x64.Build.0 = Debug|x64
		{002A081A-9D4C-4A30-94ED-A253ADAA0E38}.Debug|x86.ActiveCfg = Debug|Any CPU
		{002A081A-9D4C-4A30-94ED-A253ADAA0E38}.Debug|x86.Build.0 = Debug|Any CPU
		{002A081A-9D4C-4A30-94ED-A253ADAA0E38}.Release|Any CPU.ActiveCfg = Release|Any CPU
		{002A081A-9D4C-4A30-94ED-A253ADAA0E38}.Release|Any CPU.Build.0 = Release|Any CPU
		{002A081A-9D4C-4A30-94ED-A253ADAA0E38}.Release|x64.ActiveCfg = Release|x64
		{002A081A-9D4C-4A30-94ED-A253ADAA0E38}.Release|x64.Build.0 = Release|x64
		{002A081A-9D4C-4A30-94ED-A253ADAA0E38}.Release|x86.ActiveCfg = Release|x86
		{002A081A-9D4C-4A30-94ED-A253ADAA0E38}.Release|x86.Build.0 = Release|x86
	EndGlobalSection
	GlobalSection(SolutionProperties) = preSolution
		HideSolutionNode = FALSE
	EndGlobalSection
	GlobalSection(ExtensibilityGlobals) = postSolution
		SolutionGuid = {778C0D9B-5D00-4184-A90C-9F189529BCDA}
	EndGlobalSection
EndGlobal
